
Microsoft Visual Studio Solution File, Format Version 12.00
# Visual Studio Version 17
VisualStudioVersion = 17.0.32112.339
MinimumVisualStudioVersion = 10.0.40219.1
Project("{FAE04EC0-301F-11D3-BF4B-00C04F79EFBC}") = "Aula7LinguagemProgramacao", "Aula7LinguagemProgramacao\Aula7LinguagemProgramacao.csproj", "{866D5BF5-BDCE-4022-8262-ABD3A2EB8B96}"
EndProject
Global
	GlobalSection(SolutionConfigurationPlatforms) = preSolution
		Debug|Any CPU = Debug|Any CPU
		Release|Any CPU = Release|Any CPU
	EndGlobalSection
	GlobalSection(ProjectConfigurationPlatforms) = postSolution
		{866D5BF5-BDCE-4022-8262-ABD3A2EB8B96}.Debug|Any CPU.ActiveCfg = Debug|Any CPU
		{866D5BF5-BDCE-4022-8262-ABD3A2EB8B96}.Debug|Any CPU.Build.0 = Debug|Any CPU
		{866D5BF5-BDCE-4022-8262-ABD3A2EB8B96}.Release|Any CPU.ActiveCfg = Release|Any CPU
		{866D5BF5-BDCE-4022-8262-ABD3A2EB8B96}.Release|Any CPU.Build.0 = Release|Any CPU
	EndGlobalSection
	GlobalSection(SolutionProperties) = preSolution
		HideSolutionNode = FALSE
	EndGlobalSection
	GlobalSection(ExtensibilityGlobals) = postSolution
		SolutionGuid = {369F8137-B49F-4273-8962-C5B6CD16A5EA}
	EndGlobalSection
EndGlobal
